{
  "name": "iso-auto1111-api",
  "version": "0.0.1",
  "lockfileVersion": 3,
  "requires": true,
  "packages": {
    "": {
      "name": "iso-auto1111-api",
      "version": "0.0.1",
      "license": "MIT",
      "dependencies": {
        "openapi-autowrapper": "^1.0.0"
      }
    },
    "node_modules/openapi-autowrapper": {
      "version": "1.0.0",
      "resolved": "https://registry.npmjs.org/openapi-autowrapper/-/openapi-autowrapper-1.0.0.tgz",
      "integrity": "sha512-EKauj6h24wCIQZArsurxiGgBt6wskdEpZ0fSSUKLWKAnaMTHaHsKSmCqj2wsp+D64pT9Ntvnhw0LDR3gypyYJw=="
    }
  }
}
