{
  "name": "iso-auto1111-api",
  "version": "0.0.1",
  "lockfileVersion": 3,
  "requires": true,
  "packages": {
    "": {
      "name": "iso-auto1111-api",
      "version": "0.0.1",
      "license": "MIT",
      "dependencies": {
        "auto1111-pnginfo": "^1.0.3"
      }
    },
    "node_modules/auto1111-pnginfo": {
      "version": "1.0.3",
      "resolved": "https://registry.npmjs.org/auto1111-pnginfo/-/auto1111-pnginfo-1.0.3.tgz",
      "integrity": "sha512-a/CwdxfY29Bejsbk7OKNg4tvUR8bnfkZyX5GFD5vSk9VZKalqBFVUze+aooaStS6TpGd+e/7hTbqeh8IydWCOw=="
    }
  }
}
